
Microsoft Visual Studio Solution File, Format Version 12.00
# Visual Studio Version 16
VisualStudioVersion = 16.0.30523.141
MinimumVisualStudioVersion = 10.0.40219.1
Project("{FAE04EC0-301F-11D3-BF4B-00C04F79EFBC}") = "Selenium web driver", "Selenium web driver\Selenium web driver.csproj", "{946546D4-B214-483F-AF7D-21B55F0F98A8}"
EndProject
Global
	GlobalSection(SolutionConfigurationPlatforms) = preSolution
		Debug|Any CPU = Debug|Any CPU
		Release|Any CPU = Release|Any CPU
	EndGlobalSection
	GlobalSection(ProjectConfigurationPlatforms) = postSolution
		{946546D4-B214-483F-AF7D-21B55F0F98A8}.Debug|Any CPU.ActiveCfg = Debug|Any CPU
		{946546D4-B214-483F-AF7D-21B55F0F98A8}.Debug|Any CPU.Build.0 = Debug|Any CPU
		{946546D4-B214-483F-AF7D-21B55F0F98A8}.Release|Any CPU.ActiveCfg = Release|Any CPU
		{946546D4-B214-483F-AF7D-21B55F0F98A8}.Release|Any CPU.Build.0 = Release|Any CPU
	EndGlobalSection
	GlobalSection(SolutionProperties) = preSolution
		HideSolutionNode = FALSE
	EndGlobalSection
	GlobalSection(ExtensibilityGlobals) = postSolution
		SolutionGuid = {1638B998-05AE-4DBE-9001-E9D0E07CDF30}
	EndGlobalSection
EndGlobal
